// !$*UTF8*$!
{
	archiveVersion = 1;
	classes = {
	};
	objectVersion = 50;
	objects = {

/* Begin PBXBuildFile section */
		889AEA6F2095C2EB00510753 /* RegionViewController.swift in Sources */ = {isa = PBXBuildFile; fileRef = 889AEA6E2095C2EB00510753 /* RegionViewController.swift */; };
		889AEA712095D67000510753 /* AddFriendViewController.swift in Sources */ = {isa = PBXBuildFile; fileRef = 889AEA702095D67000510753 /* AddFriendViewController.swift */; };
		889AEA732095F0E200510753 /* GroupListViewController.swift in Sources */ = {isa = PBXBuildFile; fileRef = 889AEA722095F0E200510753 /* GroupListViewController.swift */; };
		889AEA752095FCFF00510753 /* GroupTableViewCell.swift in Sources */ = {isa = PBXBuildFile; fileRef = 889AEA742095FCFF00510753 /* GroupTableViewCell.swift */; };
		889AEA772095FD6800510753 /* ContactTableViewCell.swift in Sources */ = {isa = PBXBuildFile; fileRef = 889AEA762095FD6800510753 /* ContactTableViewCell.swift */; };
		889AEA792096066500510753 /* CreateGroupViewController.swift in Sources */ = {isa = PBXBuildFile; fileRef = 889AEA782096066500510753 /* CreateGroupViewController.swift */; };
		889AEA7B209617D500510753 /* MineViewController.swift in Sources */ = {isa = PBXBuildFile; fileRef = 889AEA7A209617D500510753 /* MineViewController.swift */; };
		889AEA7D209623F400510753 /* EditProfileViewController.swift in Sources */ = {isa = PBXBuildFile; fileRef = 889AEA7C209623F400510753 /* EditProfileViewController.swift */; };
		889AEA7F209623FE00510753 /* SignInViewController.swift in Sources */ = {isa = PBXBuildFile; fileRef = 889AEA7E209623FE00510753 /* SignInViewController.swift */; };
		889AEA812096241500510753 /* SafetyViewController.swift in Sources */ = {isa = PBXBuildFile; fileRef = 889AEA802096241500510753 /* SafetyViewController.swift */; };
		889AEA832096242000510753 /* InviteViewController.swift in Sources */ = {isa = PBXBuildFile; fileRef = 889AEA822096242000510753 /* InviteViewController.swift */; };
		889AEA852096242D00510753 /* SettingViewController.swift in Sources */ = {isa = PBXBuildFile; fileRef = 889AEA842096242D00510753 /* SettingViewController.swift */; };
		889AEA872096258800510753 /* MineTableViewCell.swift in Sources */ = {isa = PBXBuildFile; fileRef = 889AEA862096258800510753 /* MineTableViewCell.swift */; };
		889AEA8920963F2D00510753 /* RecordViewController.swift in Sources */ = {isa = PBXBuildFile; fileRef = 889AEA8820963F2D00510753 /* RecordViewController.swift */; };
		88A37BE720917CCD00F91873 /* LandingViewController.swift in Sources */ = {isa = PBXBuildFile; fileRef = 88A37BE620917CCD00F91873 /* LandingViewController.swift */; };
		88A37BE92091A57000F91873 /* Message.storyboard in Resources */ = {isa = PBXBuildFile; fileRef = 88A37BE82091A57000F91873 /* Message.storyboard */; };
		88A37BED2091A5BC00F91873 /* Account.storyboard in Resources */ = {isa = PBXBuildFile; fileRef = 88A37BEC2091A5BC00F91873 /* Account.storyboard */; };
		88A37BF32091ACDF00F91873 /* LoginViewController.swift in Sources */ = {isa = PBXBuildFile; fileRef = 88A37BF22091ACDF00F91873 /* LoginViewController.swift */; };
		88A37BF52091AD5900F91873 /* CustomViews.swift in Sources */ = {isa = PBXBuildFile; fileRef = 88A37BF42091AD5900F91873 /* CustomViews.swift */; };
		88A37BF82091AE0700F91873 /* Helper File.swift in Sources */ = {isa = PBXBuildFile; fileRef = 88A37BF72091AE0700F91873 /* Helper File.swift */; };
		88A37BFB2091C6C300F91873 /* WelcomViewController.swift in Sources */ = {isa = PBXBuildFile; fileRef = 88A37BFA2091C6C300F91873 /* WelcomViewController.swift */; };
		88A37BFF2091CFC400F91873 /* Contacts.storyboard in Resources */ = {isa = PBXBuildFile; fileRef = 88A37BFE2091CFC400F91873 /* Contacts.storyboard */; };
		88B3214A2094091500B34758 /* ConversationListViewController.swift in Sources */ = {isa = PBXBuildFile; fileRef = 88B321492094091500B34758 /* ConversationListViewController.swift */; };
		88B3214C209421E500B34758 /* ContactsListViewController.swift in Sources */ = {isa = PBXBuildFile; fileRef = 88B3214B209421E500B34758 /* ContactsListViewController.swift */; };
		88CED4EE209170F00051AE24 /* AppDelegate.swift in Sources */ = {isa = PBXBuildFile; fileRef = 88CED4ED209170F00051AE24 /* AppDelegate.swift */; };
		88CED4F3209170F00051AE24 /* Main.storyboard in Resources */ = {isa = PBXBuildFile; fileRef = 88CED4F1209170F00051AE24 /* Main.storyboard */; };
		88CED4F5209170F10051AE24 /* Assets.xcassets in Resources */ = {isa = PBXBuildFile; fileRef = 88CED4F4209170F10051AE24 /* Assets.xcassets */; };
		88CED4F8209170F10051AE24 /* LaunchScreen.storyboard in Resources */ = {isa = PBXBuildFile; fileRef = 88CED4F6209170F10051AE24 /* LaunchScreen.storyboard */; };
		C4F881223F0194D15B8C25EC /* Pods_Rainbow.framework in Frameworks */ = {isa = PBXBuildFile; fileRef = 34AC46D056E15FEB17BC0FD6 /* Pods_Rainbow.framework */; };
/* End PBXBuildFile section */

/* Begin PBXFileReference section */
		34AC46D056E15FEB17BC0FD6 /* Pods_Rainbow.framework */ = {isa = PBXFileReference; explicitFileType = wrapper.framework; includeInIndex = 0; path = Pods_Rainbow.framework; sourceTree = BUILT_PRODUCTS_DIR; };
		889AEA6E2095C2EB00510753 /* RegionViewController.swift */ = {isa = PBXFileReference; lastKnownFileType = sourcecode.swift; path = RegionViewController.swift; sourceTree = "<group>"; };
		889AEA702095D67000510753 /* AddFriendViewController.swift */ = {isa = PBXFileReference; lastKnownFileType = sourcecode.swift; path = AddFriendViewController.swift; sourceTree = "<group>"; };
		889AEA722095F0E200510753 /* GroupListViewController.swift */ = {isa = PBXFileReference; lastKnownFileType = sourcecode.swift; path = GroupListViewController.swift; sourceTree = "<group>"; };
		889AEA742095FCFF00510753 /* GroupTableViewCell.swift */ = {isa = PBXFileReference; lastKnownFileType = sourcecode.swift; path = GroupTableViewCell.swift; sourceTree = "<group>"; };
		889AEA762095FD6800510753 /* ContactTableViewCell.swift */ = {isa = PBXFileReference; lastKnownFileType = sourcecode.swift; path = ContactTableViewCell.swift; sourceTree = "<group>"; };
		889AEA782096066500510753 /* CreateGroupViewController.swift */ = {isa = PBXFileReference; lastKnownFileType = sourcecode.swift; path = CreateGroupViewController.swift; sourceTree = "<group>"; };
		889AEA7A209617D500510753 /* MineViewController.swift */ = {isa = PBXFileReference; lastKnownFileType = sourcecode.swift; path = MineViewController.swift; sourceTree = "<group>"; };
		889AEA7C209623F400510753 /* EditProfileViewController.swift */ = {isa = PBXFileReference; lastKnownFileType = sourcecode.swift; path = EditProfileViewController.swift; sourceTree = "<group>"; };
		889AEA7E209623FE00510753 /* SignInViewController.swift */ = {isa = PBXFileReference; lastKnownFileType = sourcecode.swift; path = SignInViewController.swift; sourceTree = "<group>"; };
		889AEA802096241500510753 /* SafetyViewController.swift */ = {isa = PBXFileReference; lastKnownFileType = sourcecode.swift; path = SafetyViewController.swift; sourceTree = "<group>"; };
		889AEA822096242000510753 /* InviteViewController.swift */ = {isa = PBXFileReference; lastKnownFileType = sourcecode.swift; path = InviteViewController.swift; sourceTree = "<group>"; };
		889AEA842096242D00510753 /* SettingViewController.swift */ = {isa = PBXFileReference; lastKnownFileType = sourcecode.swift; path = SettingViewController.swift; sourceTree = "<group>"; };
		889AEA862096258800510753 /* MineTableViewCell.swift */ = {isa = PBXFileReference; lastKnownFileType = sourcecode.swift; path = MineTableViewCell.swift; sourceTree = "<group>"; };
		889AEA8820963F2D00510753 /* RecordViewController.swift */ = {isa = PBXFileReference; lastKnownFileType = sourcecode.swift; path = RecordViewController.swift; sourceTree = "<group>"; };
		88A37BE620917CCD00F91873 /* LandingViewController.swift */ = {isa = PBXFileReference; lastKnownFileType = sourcecode.swift; path = LandingViewController.swift; sourceTree = "<group>"; };
		88A37BE82091A57000F91873 /* Message.storyboard */ = {isa = PBXFileReference; fileEncoding = 4; lastKnownFileType = file.storyboard; path = Message.storyboard; sourceTree = "<group>"; };
		88A37BEC2091A5BC00F91873 /* Account.storyboard */ = {isa = PBXFileReference; fileEncoding = 4; lastKnownFileType = file.storyboard; path = Account.storyboard; sourceTree = "<group>"; };
		88A37BF22091ACDF00F91873 /* LoginViewController.swift */ = {isa = PBXFileReference; lastKnownFileType = sourcecode.swift; path = LoginViewController.swift; sourceTree = "<group>"; };
		88A37BF42091AD5900F91873 /* CustomViews.swift */ = {isa = PBXFileReference; lastKnownFileType = sourcecode.swift; path = CustomViews.swift; sourceTree = "<group>"; };
		88A37BF62091AD8700F91873 /* Bridge-Header.h */ = {isa = PBXFileReference; lastKnownFileType = sourcecode.c.h; path = "Bridge-Header.h"; sourceTree = "<group>"; };
		88A37BF72091AE0700F91873 /* Helper File.swift */ = {isa = PBXFileReference; lastKnownFileType = sourcecode.swift; path = "Helper File.swift"; sourceTree = "<group>"; };
		88A37BFA2091C6C300F91873 /* WelcomViewController.swift */ = {isa = PBXFileReference; lastKnownFileType = sourcecode.swift; path = WelcomViewController.swift; sourceTree = "<group>"; };
		88A37BFE2091CFC400F91873 /* Contacts.storyboard */ = {isa = PBXFileReference; fileEncoding = 4; lastKnownFileType = file.storyboard; path = Contacts.storyboard; sourceTree = "<group>"; };
		88B321492094091500B34758 /* ConversationListViewController.swift */ = {isa = PBXFileReference; lastKnownFileType = sourcecode.swift; path = ConversationListViewController.swift; sourceTree = "<group>"; };
		88B3214B209421E500B34758 /* ContactsListViewController.swift */ = {isa = PBXFileReference; lastKnownFileType = sourcecode.swift; path = ContactsListViewController.swift; sourceTree = "<group>"; };
		88CED4EA209170F00051AE24 /* Rainbow.app */ = {isa = PBXFileReference; explicitFileType = wrapper.application; includeInIndex = 0; path = Rainbow.app; sourceTree = BUILT_PRODUCTS_DIR; };
		88CED4ED209170F00051AE24 /* AppDelegate.swift */ = {isa = PBXFileReference; lastKnownFileType = sourcecode.swift; path = AppDelegate.swift; sourceTree = "<group>"; };
		88CED4F2209170F00051AE24 /* Base */ = {isa = PBXFileReference; lastKnownFileType = file.storyboard; name = Base; path = Base.lproj/Main.storyboard; sourceTree = "<group>"; };
		88CED4F4209170F10051AE24 /* Assets.xcassets */ = {isa = PBXFileReference; lastKnownFileType = folder.assetcatalog; path = Assets.xcassets; sourceTree = "<group>"; };
		88CED4F7209170F10051AE24 /* Base */ = {isa = PBXFileReference; lastKnownFileType = file.storyboard; name = Base; path = Base.lproj/LaunchScreen.storyboard; sourceTree = "<group>"; };
		88CED4F9209170F10051AE24 /* Info.plist */ = {isa = PBXFileReference; lastKnownFileType = text.plist.xml; path = Info.plist; sourceTree = "<group>"; };
		EB2FAF8C8B505A9F9F20DE42 /* Pods-Rainbow.release.xcconfig */ = {isa = PBXFileReference; includeInIndex = 1; lastKnownFileType = text.xcconfig; name = "Pods-Rainbow.release.xcconfig"; path = "Pods/Target Support Files/Pods-Rainbow/Pods-Rainbow.release.xcconfig"; sourceTree = "<group>"; };
		F779DE927CECEBAEF97EB7C6 /* Pods-Rainbow.debug.xcconfig */ = {isa = PBXFileReference; includeInIndex = 1; lastKnownFileType = text.xcconfig; name = "Pods-Rainbow.debug.xcconfig"; path = "Pods/Target Support Files/Pods-Rainbow/Pods-Rainbow.debug.xcconfig"; sourceTree = "<group>"; };
/* End PBXFileReference section */

/* Begin PBXFrameworksBuildPhase section */
		88CED4E7209170F00051AE24 /* Frameworks */ = {
			isa = PBXFrameworksBuildPhase;
			buildActionMask = 2147483647;
			files = (
				C4F881223F0194D15B8C25EC /* Pods_Rainbow.framework in Frameworks */,
			);
			runOnlyForDeploymentPostprocessing = 0;
		};
/* End PBXFrameworksBuildPhase section */

/* Begin PBXGroup section */
		889D9EDD20917B4A0016636A /* Services */ = {
			isa = PBXGroup;
			children = (
			);
			name = Services;
			sourceTree = "<group>";
		};
		889D9EDE20917B510016636A /* Models */ = {
			isa = PBXGroup;
			children = (
			);
			name = Models;
			sourceTree = "<group>";
		};
		88A37BE120917C1C00F91873 /* Services */ = {
			isa = PBXGroup;
			children = (
			);
			name = Services;
			sourceTree = "<group>";
		};
		88A37BE320917C2C00F91873 /* Models */ = {
			isa = PBXGroup;
			children = (
			);
			name = Models;
			sourceTree = "<group>";
		};
		88A37BE420917C2F00F91873 /* Views */ = {
			isa = PBXGroup;
			children = (
				889AEA862096258800510753 /* MineTableViewCell.swift */,
			);
			name = Views;
			sourceTree = "<group>";
		};
		88A37BE520917C3000F91873 /* Controllers */ = {
			isa = PBXGroup;
			children = (
				889AEA7A209617D500510753 /* MineViewController.swift */,
				889AEA7C209623F400510753 /* EditProfileViewController.swift */,
				889AEA7E209623FE00510753 /* SignInViewController.swift */,
				889AEA802096241500510753 /* SafetyViewController.swift */,
				889AEA822096242000510753 /* InviteViewController.swift */,
				889AEA842096242D00510753 /* SettingViewController.swift */,
				889AEA8820963F2D00510753 /* RecordViewController.swift */,
			);
			name = Controllers;
			sourceTree = "<group>";
		};
		88A37BF02091A7A500F91873 /* Supporting Files */ = {
			isa = PBXGroup;
			children = (
				88CED4F4209170F10051AE24 /* Assets.xcassets */,
				88CED4F6209170F10051AE24 /* LaunchScreen.storyboard */,
				88CED4F9209170F10051AE24 /* Info.plist */,
			);
			name = "Supporting Files";
			sourceTree = "<group>";
		};
		88A37BF12091A93900F91873 /* Helpers */ = {
			isa = PBXGroup;
			children = (
				88A37BF62091AD8700F91873 /* Bridge-Header.h */,
				88A37BF72091AE0700F91873 /* Helper File.swift */,
			);
			path = Helpers;
			sourceTree = "<group>";
		};
		88CED4E1209170F00051AE24 = {
			isa = PBXGroup;
			children = (
				88CED4EC209170F00051AE24 /* Rainbow */,
				88CED4EB209170F00051AE24 /* Products */,
				B399008A94953ECE7F804A2A /* Pods */,
				97D68378F51F8E9E797C7715 /* Frameworks */,
			);
			sourceTree = "<group>";
		};
		88CED4EB209170F00051AE24 /* Products */ = {
			isa = PBXGroup;
			children = (
				88CED4EA209170F00051AE24 /* Rainbow.app */,
			);
			name = Products;
			sourceTree = "<group>";
		};
		88CED4EC209170F00051AE24 /* Rainbow */ = {
			isa = PBXGroup;
			children = (
				88CED4ED209170F00051AE24 /* AppDelegate.swift */,
				88CED4FF209173A60051AE24 /* Main */,
				88A37BF02091A7A500F91873 /* Supporting Files */,
				88A37BF12091A93900F91873 /* Helpers */,
			);
			path = Rainbow;
			sourceTree = "<group>";
		};
		88CED4FF209173A60051AE24 /* Main */ = {
			isa = PBXGroup;
			children = (
				88CED500209173AE0051AE24 /* Public */,
				88CED502209174D10051AE24 /* Messsage */,
				88CED503209174F30051AE24 /* Contact */,
				88CED504209175040051AE24 /* Account */,
			);
			path = Main;
			sourceTree = "<group>";
		};
		88CED500209173AE0051AE24 /* Public */ = {
			isa = PBXGroup;
			children = (
				88CED4F1209170F00051AE24 /* Main.storyboard */,
				88CED5062091797F0051AE24 /* Controllers */,
				88CED509209179990051AE24 /* Views */,
				88CED508209179910051AE24 /* Models */,
				88CED5072091798C0051AE24 /* Services */,
			);
			path = Public;
			sourceTree = "<group>";
		};
		88CED502209174D10051AE24 /* Messsage */ = {
			isa = PBXGroup;
			children = (
				88A37BE82091A57000F91873 /* Message.storyboard */,
				88CED50E20917B1C0051AE24 /* Controllers */,
				88CED50D20917B1A0051AE24 /* Models */,
				88CED50C20917B170051AE24 /* Views */,
				88CED50B20917B070051AE24 /* Services */,
			);
			path = Messsage;
			sourceTree = "<group>";
		};
		88CED503209174F30051AE24 /* Contact */ = {
			isa = PBXGroup;
			children = (
				88A37BFE2091CFC400F91873 /* Contacts.storyboard */,
				88F78CB720917BD900A402B4 /* Controllers */,
				88F78CB620917B8500A402B4 /* Views */,
				889D9EDE20917B510016636A /* Models */,
				889D9EDD20917B4A0016636A /* Services */,
			);
			path = Contact;
			sourceTree = "<group>";
		};
		88CED504209175040051AE24 /* Account */ = {
			isa = PBXGroup;
			children = (
				88A37BEC2091A5BC00F91873 /* Account.storyboard */,
				88A37BE520917C3000F91873 /* Controllers */,
				88A37BE420917C2F00F91873 /* Views */,
				88A37BE320917C2C00F91873 /* Models */,
				88A37BE120917C1C00F91873 /* Services */,
			);
			path = Account;
			sourceTree = "<group>";
		};
		88CED5062091797F0051AE24 /* Controllers */ = {
			isa = PBXGroup;
			children = (
				88A37BE620917CCD00F91873 /* LandingViewController.swift */,
				88A37BFA2091C6C300F91873 /* WelcomViewController.swift */,
				88A37BF22091ACDF00F91873 /* LoginViewController.swift */,
				889AEA6E2095C2EB00510753 /* RegionViewController.swift */,
			);
			name = Controllers;
			sourceTree = "<group>";
		};
		88CED5072091798C0051AE24 /* Services */ = {
			isa = PBXGroup;
			children = (
			);
			name = Services;
			sourceTree = "<group>";
		};
		88CED508209179910051AE24 /* Models */ = {
			isa = PBXGroup;
			children = (
			);
			name = Models;
			sourceTree = "<group>";
		};
		88CED509209179990051AE24 /* Views */ = {
			isa = PBXGroup;
			children = (
				88A37BF42091AD5900F91873 /* CustomViews.swift */,
			);
			name = Views;
			sourceTree = "<group>";
		};
		88CED50B20917B070051AE24 /* Services */ = {
			isa = PBXGroup;
			children = (
			);
			name = Services;
			sourceTree = "<group>";
		};
		88CED50C20917B170051AE24 /* Views */ = {
			isa = PBXGroup;
			children = (
			);
			name = Views;
			sourceTree = "<group>";
		};
		88CED50D20917B1A0051AE24 /* Models */ = {
			isa = PBXGroup;
			children = (
			);
			name = Models;
			sourceTree = "<group>";
		};
		88CED50E20917B1C0051AE24 /* Controllers */ = {
			isa = PBXGroup;
			children = (
				88B321492094091500B34758 /* ConversationListViewController.swift */,
			);
			name = Controllers;
			sourceTree = "<group>";
		};
		88F78CB620917B8500A402B4 /* Views */ = {
			isa = PBXGroup;
			children = (
				889AEA742095FCFF00510753 /* GroupTableViewCell.swift */,
				889AEA762095FD6800510753 /* ContactTableViewCell.swift */,
			);
			name = Views;
			sourceTree = "<group>";
		};
		88F78CB720917BD900A402B4 /* Controllers */ = {
			isa = PBXGroup;
			children = (
				88B3214B209421E500B34758 /* ContactsListViewController.swift */,
				889AEA702095D67000510753 /* AddFriendViewController.swift */,
				889AEA722095F0E200510753 /* GroupListViewController.swift */,
				889AEA782096066500510753 /* CreateGroupViewController.swift */,
			);
			name = Controllers;
			sourceTree = "<group>";
		};
		97D68378F51F8E9E797C7715 /* Frameworks */ = {
			isa = PBXGroup;
			children = (
				34AC46D056E15FEB17BC0FD6 /* Pods_Rainbow.framework */,
			);
			name = Frameworks;
			sourceTree = "<group>";
		};
		B399008A94953ECE7F804A2A /* Pods */ = {
			isa = PBXGroup;
			children = (
				F779DE927CECEBAEF97EB7C6 /* Pods-Rainbow.debug.xcconfig */,
				EB2FAF8C8B505A9F9F20DE42 /* Pods-Rainbow.release.xcconfig */,
			);
			name = Pods;
			sourceTree = "<group>";
		};
/* End PBXGroup section */

/* Begin PBXNativeTarget section */
		88CED4E9209170F00051AE24 /* Rainbow */ = {
			isa = PBXNativeTarget;
			buildConfigurationList = 88CED4FC209170F10051AE24 /* Build configuration list for PBXNativeTarget "Rainbow" */;
			buildPhases = (
				DDA3306BFEA990602CCF3932 /* [CP] Check Pods Manifest.lock */,
				88CED4E6209170F00051AE24 /* Sources */,
				88CED4E7209170F00051AE24 /* Frameworks */,
				88CED4E8209170F00051AE24 /* Resources */,
				418DE959BB04F5549529D146 /* [CP] Embed Pods Frameworks */,
				8B819446B77C00D4E73F687C /* [CP] Copy Pods Resources */,
			);
			buildRules = (
			);
			dependencies = (
			);
			name = Rainbow;
			productName = Rainbow;
			productReference = 88CED4EA209170F00051AE24 /* Rainbow.app */;
			productType = "com.apple.product-type.application";
		};
/* End PBXNativeTarget section */

/* Begin PBXProject section */
		88CED4E2209170F00051AE24 /* Project object */ = {
			isa = PBXProject;
			attributes = {
				LastSwiftUpdateCheck = 0930;
				LastUpgradeCheck = 0930;
				ORGANIZATIONNAME = cyrusblaer;
				TargetAttributes = {
					88CED4E9209170F00051AE24 = {
						CreatedOnToolsVersion = 9.3;
					};
				};
			};
			buildConfigurationList = 88CED4E5209170F00051AE24 /* Build configuration list for PBXProject "Rainbow" */;
			compatibilityVersion = "Xcode 9.3";
			developmentRegion = en;
			hasScannedForEncodings = 0;
			knownRegions = (
				en,
				Base,
			);
			mainGroup = 88CED4E1209170F00051AE24;
			productRefGroup = 88CED4EB209170F00051AE24 /* Products */;
			projectDirPath = "";
			projectRoot = "";
			targets = (
				88CED4E9209170F00051AE24 /* Rainbow */,
			);
		};
/* End PBXProject section */

/* Begin PBXResourcesBuildPhase section */
		88CED4E8209170F00051AE24 /* Resources */ = {
			isa = PBXResourcesBuildPhase;
			buildActionMask = 2147483647;
			files = (
				88CED4F8209170F10051AE24 /* LaunchScreen.storyboard in Resources */,
				88CED4F5209170F10051AE24 /* Assets.xcassets in Resources */,
				88A37BE92091A57000F91873 /* Message.storyboard in Resources */,
				88A37BFF2091CFC400F91873 /* Contacts.storyboard in Resources */,
				88CED4F3209170F00051AE24 /* Main.storyboard in Resources */,
				88A37BED2091A5BC00F91873 /* Account.storyboard in Resources */,
			);
			runOnlyForDeploymentPostprocessing = 0;
		};
/* End PBXResourcesBuildPhase section */

/* Begin PBXShellScriptBuildPhase section */
		418DE959BB04F5549529D146 /* [CP] Embed Pods Frameworks */ = {
			isa = PBXShellScriptBuildPhase;
			buildActionMask = 2147483647;
			files = (
			);
			inputPaths = (
				"${SRCROOT}/Pods/Target Support Files/Pods-Rainbow/Pods-Rainbow-frameworks.sh",
				"${BUILT_PRODUCTS_DIR}/Alamofire/Alamofire.framework",
				"${BUILT_PRODUCTS_DIR}/GRDB.swift/GRDB.framework",
				"${BUILT_PRODUCTS_DIR}/Hero/Hero.framework",
				"${BUILT_PRODUCTS_DIR}/IQKeyboardManagerSwift/IQKeyboardManagerSwift.framework",
				"${BUILT_PRODUCTS_DIR}/SVProgressHUD/SVProgressHUD.framework",
				"${BUILT_PRODUCTS_DIR}/SwiftyJSON/SwiftyJSON.framework",
			);
			name = "[CP] Embed Pods Frameworks";
			outputPaths = (
				"${TARGET_BUILD_DIR}/${FRAMEWORKS_FOLDER_PATH}/Alamofire.framework",
				"${TARGET_BUILD_DIR}/${FRAMEWORKS_FOLDER_PATH}/GRDB.framework",
				"${TARGET_BUILD_DIR}/${FRAMEWORKS_FOLDER_PATH}/Hero.framework",
				"${TARGET_BUILD_DIR}/${FRAMEWORKS_FOLDER_PATH}/IQKeyboardManagerSwift.framework",
				"${TARGET_BUILD_DIR}/${FRAMEWORKS_FOLDER_PATH}/SVProgressHUD.framework",
				"${TARGET_BUILD_DIR}/${FRAMEWORKS_FOLDER_PATH}/SwiftyJSON.framework",
			);
			runOnlyForDeploymentPostprocessing = 0;
			shellPath = /bin/sh;
			shellScript = "\"${SRCROOT}/Pods/Target Support Files/Pods-Rainbow/Pods-Rainbow-frameworks.sh\"\n";
			showEnvVarsInLog = 0;
		};
		8B819446B77C00D4E73F687C /* [CP] Copy Pods Resources */ = {
			isa = PBXShellScriptBuildPhase;
			buildActionMask = 2147483647;
			files = (
			);
			inputPaths = (
				"${SRCROOT}/Pods/Target Support Files/Pods-Rainbow/Pods-Rainbow-resources.sh",
				"${PODS_ROOT}/RongCloudIM/RongCloudIM/RongCloud.bundle",
				"${PODS_ROOT}/RongCloudIM/RongCloudIM/en.lproj",
				"${PODS_ROOT}/RongCloudIM/RongCloudIM/zh-Hans.lproj",
				"${PODS_ROOT}/RongCloudIM/RongCloudIM/Emoji.plist",
				"${PODS_ROOT}/RongCloudIM/RongCloudIM/RCConfig.plist",
			);
			name = "[CP] Copy Pods Resources";
			outputPaths = (
				"${TARGET_BUILD_DIR}/${UNLOCALIZED_RESOURCES_FOLDER_PATH}/RongCloud.bundle",
				"${TARGET_BUILD_DIR}/${UNLOCALIZED_RESOURCES_FOLDER_PATH}/en.lproj",
				"${TARGET_BUILD_DIR}/${UNLOCALIZED_RESOURCES_FOLDER_PATH}/zh-Hans.lproj",
				"${TARGET_BUILD_DIR}/${UNLOCALIZED_RESOURCES_FOLDER_PATH}/Emoji.plist",
				"${TARGET_BUILD_DIR}/${UNLOCALIZED_RESOURCES_FOLDER_PATH}/RCConfig.plist",
			);
			runOnlyForDeploymentPostprocessing = 0;
			shellPath = /bin/sh;
			shellScript = "\"${SRCROOT}/Pods/Target Support Files/Pods-Rainbow/Pods-Rainbow-resources.sh\"\n";
			showEnvVarsInLog = 0;
		};
		DDA3306BFEA990602CCF3932 /* [CP] Check Pods Manifest.lock */ = {
			isa = PBXShellScriptBuildPhase;
			buildActionMask = 2147483647;
			files = (
			);
			inputPaths = (
				"${PODS_PODFILE_DIR_PATH}/Podfile.lock",
				"${PODS_ROOT}/Manifest.lock",
			);
			name = "[CP] Check Pods Manifest.lock";
			outputPaths = (
				"$(DERIVED_FILE_DIR)/Pods-Rainbow-checkManifestLockResult.txt",
			);
			runOnlyForDeploymentPostprocessing = 0;
			shellPath = /bin/sh;
			shellScript = "diff \"${PODS_PODFILE_DIR_PATH}/Podfile.lock\" \"${PODS_ROOT}/Manifest.lock\" > /dev/null\nif [ $? != 0 ] ; then\n    # print error to STDERR\n    echo \"error: The sandbox is not in sync with the Podfile.lock. Run 'pod install' or update your CocoaPods installation.\" >&2\n    exit 1\nfi\n# This output is used by Xcode 'outputs' to avoid re-running this script phase.\necho \"SUCCESS\" > \"${SCRIPT_OUTPUT_FILE_0}\"\n";
			showEnvVarsInLog = 0;
		};
/* End PBXShellScriptBuildPhase section */

/* Begin PBXSourcesBuildPhase section */
		88CED4E6209170F00051AE24 /* Sources */ = {
			isa = PBXSourcesBuildPhase;
			buildActionMask = 2147483647;
			files = (
				889AEA872096258800510753 /* MineTableViewCell.swift in Sources */,
				889AEA812096241500510753 /* SafetyViewController.swift in Sources */,
				889AEA7D209623F400510753 /* EditProfileViewController.swift in Sources */,
				889AEA772095FD6800510753 /* ContactTableViewCell.swift in Sources */,
				889AEA732095F0E200510753 /* GroupListViewController.swift in Sources */,
				889AEA8920963F2D00510753 /* RecordViewController.swift in Sources */,
				88B3214A2094091500B34758 /* ConversationListViewController.swift in Sources */,
				889AEA832096242000510753 /* InviteViewController.swift in Sources */,
				88A37BF52091AD5900F91873 /* CustomViews.swift in Sources */,
				889AEA752095FCFF00510753 /* GroupTableViewCell.swift in Sources */,
				889AEA712095D67000510753 /* AddFriendViewController.swift in Sources */,
				889AEA7F209623FE00510753 /* SignInViewController.swift in Sources */,
				889AEA6F2095C2EB00510753 /* RegionViewController.swift in Sources */,
				88B3214C209421E500B34758 /* ContactsListViewController.swift in Sources */,
				889AEA792096066500510753 /* CreateGroupViewController.swift in Sources */,
				88A37BF32091ACDF00F91873 /* LoginViewController.swift in Sources */,
				88A37BE720917CCD00F91873 /* LandingViewController.swift in Sources */,
				889AEA852096242D00510753 /* SettingViewController.swift in Sources */,
				88A37BF82091AE0700F91873 /* Helper File.swift in Sources */,
				88CED4EE209170F00051AE24 /* AppDelegate.swift in Sources */,
				88A37BFB2091C6C300F91873 /* WelcomViewController.swift in Sources */,
				889AEA7B209617D500510753 /* MineViewController.swift in Sources */,
			);
			runOnlyForDeploymentPostprocessing = 0;
		};
/* End PBXSourcesBuildPhase section */

/* Begin PBXVariantGroup section */
		88CED4F1209170F00051AE24 /* Main.storyboard */ = {
			isa = PBXVariantGroup;
			children = (
				88CED4F2209170F00051AE24 /* Base */,
			);
			name = Main.storyboard;
			sourceTree = "<group>";
		};
		88CED4F6209170F10051AE24 /* LaunchScreen.storyboard */ = {
			isa = PBXVariantGroup;
			children = (
				88CED4F7209170F10051AE24 /* Base */,
			);
			name = LaunchScreen.storyboard;
			sourceTree = "<group>";
		};
/* End PBXVariantGroup section */

/* Begin XCBuildConfiguration section */
		88CED4FA209170F10051AE24 /* Debug */ = {
			isa = XCBuildConfiguration;
			buildSettings = {
				ALWAYS_SEARCH_USER_PATHS = NO;
				CLANG_ANALYZER_NONNULL = YES;
				CLANG_ANALYZER_NUMBER_OBJECT_CONVERSION = YES_AGGRESSIVE;
				CLANG_CXX_LANGUAGE_STANDARD = "gnu++14";
				CLANG_CXX_LIBRARY = "libc++";
				CLANG_ENABLE_MODULES = YES;
				CLANG_ENABLE_OBJC_ARC = YES;
				CLANG_ENABLE_OBJC_WEAK = YES;
				CLANG_WARN_BLOCK_CAPTURE_AUTORELEASING = YES;
				CLANG_WARN_BOOL_CONVERSION = YES;
				CLANG_WARN_COMMA = YES;
				CLANG_WARN_CONSTANT_CONVERSION = YES;
				CLANG_WARN_DEPRECATED_OBJC_IMPLEMENTATIONS = YES;
				CLANG_WARN_DIRECT_OBJC_ISA_USAGE = YES_ERROR;
				CLANG_WARN_DOCUMENTATION_COMMENTS = YES;
				CLANG_WARN_EMPTY_BODY = YES;
				CLANG_WARN_ENUM_CONVERSION = YES;
				CLANG_WARN_INFINITE_RECURSION = YES;
				CLANG_WARN_INT_CONVERSION = YES;
				CLANG_WARN_NON_LITERAL_NULL_CONVERSION = YES;
				CLANG_WARN_OBJC_IMPLICIT_RETAIN_SELF = YES;
				CLANG_WARN_OBJC_LITERAL_CONVERSION = YES;
				CLANG_WARN_OBJC_ROOT_CLASS = YES_ERROR;
				CLANG_WARN_RANGE_LOOP_ANALYSIS = YES;
				CLANG_WARN_STRICT_PROTOTYPES = YES;
				CLANG_WARN_SUSPICIOUS_MOVE = YES;
				CLANG_WARN_UNGUARDED_AVAILABILITY = YES_AGGRESSIVE;
				CLANG_WARN_UNREACHABLE_CODE = YES;
				CLANG_WARN__DUPLICATE_METHOD_MATCH = YES;
				CODE_SIGN_IDENTITY = "iPhone Developer";
				COPY_PHASE_STRIP = NO;
				DEBUG_INFORMATION_FORMAT = dwarf;
				ENABLE_STRICT_OBJC_MSGSEND = YES;
				ENABLE_TESTABILITY = YES;
				GCC_C_LANGUAGE_STANDARD = gnu11;
				GCC_DYNAMIC_NO_PIC = NO;
				GCC_NO_COMMON_BLOCKS = YES;
				GCC_OPTIMIZATION_LEVEL = 0;
				GCC_PREPROCESSOR_DEFINITIONS = (
					"DEBUG=1",
					"$(inherited)",
				);
				GCC_WARN_64_TO_32_BIT_CONVERSION = YES;
				GCC_WARN_ABOUT_RETURN_TYPE = YES_ERROR;
				GCC_WARN_UNDECLARED_SELECTOR = YES;
				GCC_WARN_UNINITIALIZED_AUTOS = YES_AGGRESSIVE;
				GCC_WARN_UNUSED_FUNCTION = YES;
				GCC_WARN_UNUSED_VARIABLE = YES;
				IPHONEOS_DEPLOYMENT_TARGET = 9.0;
				MTL_ENABLE_DEBUG_INFO = YES;
				ONLY_ACTIVE_ARCH = YES;
				SDKROOT = iphoneos;
				SWIFT_ACTIVE_COMPILATION_CONDITIONS = DEBUG;
				SWIFT_OPTIMIZATION_LEVEL = "-Onone";
			};
			name = Debug;
		};
		88CED4FB209170F10051AE24 /* Release */ = {
			isa = XCBuildConfiguration;
			buildSettings = {
				ALWAYS_SEARCH_USER_PATHS = NO;
				CLANG_ANALYZER_NONNULL = YES;
				CLANG_ANALYZER_NUMBER_OBJECT_CONVERSION = YES_AGGRESSIVE;
				CLANG_CXX_LANGUAGE_STANDARD = "gnu++14";
				CLANG_CXX_LIBRARY = "libc++";
				CLANG_ENABLE_MODULES = YES;
				CLANG_ENABLE_OBJC_ARC = YES;
				CLANG_ENABLE_OBJC_WEAK = YES;
				CLANG_WARN_BLOCK_CAPTURE_AUTORELEASING = YES;
				CLANG_WARN_BOOL_CONVERSION = YES;
				CLANG_WARN_COMMA = YES;
				CLANG_WARN_CONSTANT_CONVERSION = YES;
				CLANG_WARN_DEPRECATED_OBJC_IMPLEMENTATIONS = YES;
				CLANG_WARN_DIRECT_OBJC_ISA_USAGE = YES_ERROR;
				CLANG_WARN_DOCUMENTATION_COMMENTS = YES;
				CLANG_WARN_EMPTY_BODY = YES;
				CLANG_WARN_ENUM_CONVERSION = YES;
				CLANG_WARN_INFINITE_RECURSION = YES;
				CLANG_WARN_INT_CONVERSION = YES;
				CLANG_WARN_NON_LITERAL_NULL_CONVERSION = YES;
				CLANG_WARN_OBJC_IMPLICIT_RETAIN_SELF = YES;
				CLANG_WARN_OBJC_LITERAL_CONVERSION = YES;
				CLANG_WARN_OBJC_ROOT_CLASS = YES_ERROR;
				CLANG_WARN_RANGE_LOOP_ANALYSIS = YES;
				CLANG_WARN_STRICT_PROTOTYPES = YES;
				CLANG_WARN_SUSPICIOUS_MOVE = YES;
				CLANG_WARN_UNGUARDED_AVAILABILITY = YES_AGGRESSIVE;
				CLANG_WARN_UNREACHABLE_CODE = YES;
				CLANG_WARN__DUPLICATE_METHOD_MATCH = YES;
				CODE_SIGN_IDENTITY = "iPhone Developer";
				COPY_PHASE_STRIP = NO;
				DEBUG_INFORMATION_FORMAT = "dwarf-with-dsym";
				ENABLE_NS_ASSERTIONS = NO;
				ENABLE_STRICT_OBJC_MSGSEND = YES;
				GCC_C_LANGUAGE_STANDARD = gnu11;
				GCC_NO_COMMON_BLOCKS = YES;
				GCC_WARN_64_TO_32_BIT_CONVERSION = YES;
				GCC_WARN_ABOUT_RETURN_TYPE = YES_ERROR;
				GCC_WARN_UNDECLARED_SELECTOR = YES;
				GCC_WARN_UNINITIALIZED_AUTOS = YES_AGGRESSIVE;
				GCC_WARN_UNUSED_FUNCTION = YES;
				GCC_WARN_UNUSED_VARIABLE = YES;
				IPHONEOS_DEPLOYMENT_TARGET = 9.0;
				MTL_ENABLE_DEBUG_INFO = NO;
				SDKROOT = iphoneos;
				SWIFT_COMPILATION_MODE = wholemodule;
				SWIFT_OPTIMIZATION_LEVEL = "-O";
				VALIDATE_PRODUCT = YES;
			};
			name = Release;
		};
		88CED4FD209170F10051AE24 /* Debug */ = {
			isa = XCBuildConfiguration;
			baseConfigurationReference = F779DE927CECEBAEF97EB7C6 /* Pods-Rainbow.debug.xcconfig */;
			buildSettings = {
				ASSETCATALOG_COMPILER_APPICON_NAME = AppIcon;
				CODE_SIGN_STYLE = Automatic;
				DEVELOPMENT_TEAM = GH9HGGE8DT;
				INFOPLIST_FILE = Rainbow/Info.plist;
				IPHONEOS_DEPLOYMENT_TARGET = 9.0;
				LD_RUNPATH_SEARCH_PATHS = (
					"$(inherited)",
					"@executable_path/Frameworks",
				);
				PRODUCT_BUNDLE_IDENTIFIER = com.cyrusblaer.Rainbow;
				PRODUCT_NAME = "$(TARGET_NAME)";
				SWIFT_VERSION = 4.0;
				TARGETED_DEVICE_FAMILY = "1,2";
			};
			name = Debug;
		};
		88CED4FE209170F10051AE24 /* Release */ = {
			isa = XCBuildConfiguration;
			baseConfigurationReference = EB2FAF8C8B505A9F9F20DE42 /* Pods-Rainbow.release.xcconfig */;
			buildSettings = {
				ASSETCATALOG_COMPILER_APPICON_NAME = AppIcon;
				CODE_SIGN_STYLE = Automatic;
				DEVELOPMENT_TEAM = GH9HGGE8DT;
				INFOPLIST_FILE = Rainbow/Info.plist;
				IPHONEOS_DEPLOYMENT_TARGET = 9.0;
				LD_RUNPATH_SEARCH_PATHS = (
					"$(inherited)",
					"@executable_path/Frameworks",
				);
				PRODUCT_BUNDLE_IDENTIFIER = com.cyrusblaer.Rainbow;
				PRODUCT_NAME = "$(TARGET_NAME)";
				SWIFT_VERSION = 4.0;
				TARGETED_DEVICE_FAMILY = "1,2";
			};
			name = Release;
		};
/* End XCBuildConfiguration section */

/* Begin XCConfigurationList section */
		88CED4E5209170F00051AE24 /* Build configuration list for PBXProject "Rainbow" */ = {
			isa = XCConfigurationList;
			buildConfigurations = (
				88CED4FA209170F10051AE24 /* Debug */,
				88CED4FB209170F10051AE24 /* Release */,
			);
			defaultConfigurationIsVisible = 0;
			defaultConfigurationName = Release;
		};
		88CED4FC209170F10051AE24 /* Build configuration list for PBXNativeTarget "Rainbow" */ = {
			isa = XCConfigurationList;
			buildConfigurations = (
				88CED4FD209170F10051AE24 /* Debug */,
				88CED4FE209170F10051AE24 /* Release */,
			);
			defaultConfigurationIsVisible = 0;
			defaultConfigurationName = Release;
		};
/* End XCConfigurationList section */
	};
	rootObject = 88CED4E2209170F00051AE24 /* Project object */;
}
